
Microsoft Visual Studio Solution File, Format Version 12.00
# Visual Studio Version 16
VisualStudioVersion = 16.0.30523.141
MinimumVisualStudioVersion = 10.0.40219.1
Project("{FAE04EC0-301F-11D3-BF4B-00C04F79EFBC}") = "gpl", "gpl.csproj", "{97027D8F-50F5-4C21-9B94-C0ABBD6542D3}"
EndProject
Project("{FAE04EC0-301F-11D3-BF4B-00C04F79EFBC}") = "gplUnitTests", "gplUnitTests\gplUnitTests.csproj", "{33408310-A839-448D-9E5A-75F4E5FB9292}"
EndProject
Global
	GlobalSection(SolutionConfigurationPlatforms) = preSolution
		Debug|Any CPU = Debug|Any CPU
		Release|Any CPU = Release|Any CPU
	EndGlobalSection
	GlobalSection(ProjectConfigurationPlatforms) = postSolution
		{97027D8F-50F5-4C21-9B94-C0ABBD6542D3}.Debug|Any CPU.ActiveCfg = Debug|Any CPU
		{97027D8F-50F5-4C21-9B94-C0ABBD6542D3}.Debug|Any CPU.Build.0 = Debug|Any CPU
		{97027D8F-50F5-4C21-9B94-C0ABBD6542D3}.Release|Any CPU.ActiveCfg = Release|Any CPU
		{97027D8F-50F5-4C21-9B94-C0ABBD6542D3}.Release|Any CPU.Build.0 = Release|Any CPU
		{33408310-A839-448D-9E5A-75F4E5FB9292}.Debug|Any CPU.ActiveCfg = Debug|Any CPU
		{33408310-A839-448D-9E5A-75F4E5FB9292}.Debug|Any CPU.Build.0 = Debug|Any CPU
		{33408310-A839-448D-9E5A-75F4E5FB9292}.Release|Any CPU.ActiveCfg = Release|Any CPU
		{33408310-A839-448D-9E5A-75F4E5FB9292}.Release|Any CPU.Build.0 = Release|Any CPU
	EndGlobalSection
	GlobalSection(SolutionProperties) = preSolution
		HideSolutionNode = FALSE
	EndGlobalSection
	GlobalSection(ExtensibilityGlobals) = postSolution
		SolutionGuid = {C7ECE7C9-E542-4394-9B1B-B7C8CE8E0055}
	EndGlobalSection
EndGlobal
